
Microsoft Visual Studio Solution File, Format Version 12.00
# Visual Studio 14
VisualStudioVersion = 14.0.25123.0
MinimumVisualStudioVersion = 10.0.40219.1
Project("{E24C65DC-7377-472B-9ABA-BC803B73C61A}") = "Sitio_Web", ".", "{230745AA-D71F-453D-B77F-DBFB6F0EFBCD}"
	ProjectSection(WebsiteProperties) = preProject
		TargetFrameworkMoniker = ".NETFramework,Version%3Dv4.0"
		ProjectReferences = "{11f450a9-6e36-43de-86a6-a09bee0d15db}|VCFramework.Entidad.dll;{49fb0e9b-9dd5-43a0-98b3-4a8632583dfc}|VCFramework.NegocioMySql.dll;"
		Debug.AspNetCompiler.VirtualPath = "/localhost_26595"
		Debug.AspNetCompiler.PhysicalPath = "..\Sitio_Web\"
		Debug.AspNetCompiler.TargetPath = "PrecompiledWeb\localhost_26595\"
		Debug.AspNetCompiler.Updateable = "true"
		Debug.AspNetCompiler.ForceOverwrite = "true"
		Debug.AspNetCompiler.FixedNames = "false"
		Debug.AspNetCompiler.Debug = "True"
		Release.AspNetCompiler.VirtualPath = "/localhost_26595"
		Release.AspNetCompiler.PhysicalPath = "..\Sitio_Web\"
		Release.AspNetCompiler.TargetPath = "PrecompiledWeb\localhost_26595\"
		Release.AspNetCompiler.Updateable = "true"
		Release.AspNetCompiler.ForceOverwrite = "true"
		Release.AspNetCompiler.FixedNames = "false"
		Release.AspNetCompiler.Debug = "False"
		VWDPort = "26595"
		SlnRelativePath = "..\Sitio_Web\"
		DefaultWebSiteLanguage = "Visual C#"
	EndProjectSection
EndProject
Project("{FAE04EC0-301F-11D3-BF4B-00C04F79EFBC}") = "VCFramework.Entidad", "..\VCFramework.Entidad\VCFramework.Entidad.csproj", "{11F450A9-6E36-43DE-86A6-A09BEE0D15DB}"
EndProject
Project("{FAE04EC0-301F-11D3-BF4B-00C04F79EFBC}") = "VCFramework.NegocioMySql", "..\VCFramework.NegocioMySql\VCFramework.NegocioMySql.csproj", "{49FB0E9B-9DD5-43A0-98B3-4A8632583DFC}"
EndProject
Global
	GlobalSection(SolutionConfigurationPlatforms) = preSolution
		Debug|Any CPU = Debug|Any CPU
		Release|Any CPU = Release|Any CPU
	EndGlobalSection
	GlobalSection(ProjectConfigurationPlatforms) = postSolution
		{230745AA-D71F-453D-B77F-DBFB6F0EFBCD}.Debug|Any CPU.ActiveCfg = Debug|Any CPU
		{230745AA-D71F-453D-B77F-DBFB6F0EFBCD}.Debug|Any CPU.Build.0 = Debug|Any CPU
		{230745AA-D71F-453D-B77F-DBFB6F0EFBCD}.Release|Any CPU.ActiveCfg = Debug|Any CPU
		{230745AA-D71F-453D-B77F-DBFB6F0EFBCD}.Release|Any CPU.Build.0 = Debug|Any CPU
		{11F450A9-6E36-43DE-86A6-A09BEE0D15DB}.Debug|Any CPU.ActiveCfg = Debug|Any CPU
		{11F450A9-6E36-43DE-86A6-A09BEE0D15DB}.Debug|Any CPU.Build.0 = Debug|Any CPU
		{11F450A9-6E36-43DE-86A6-A09BEE0D15DB}.Release|Any CPU.ActiveCfg = Release|Any CPU
		{11F450A9-6E36-43DE-86A6-A09BEE0D15DB}.Release|Any CPU.Build.0 = Release|Any CPU
		{49FB0E9B-9DD5-43A0-98B3-4A8632583DFC}.Debug|Any CPU.ActiveCfg = Debug|Any CPU
		{49FB0E9B-9DD5-43A0-98B3-4A8632583DFC}.Debug|Any CPU.Build.0 = Debug|Any CPU
		{49FB0E9B-9DD5-43A0-98B3-4A8632583DFC}.Release|Any CPU.ActiveCfg = Release|Any CPU
		{49FB0E9B-9DD5-43A0-98B3-4A8632583DFC}.Release|Any CPU.Build.0 = Release|Any CPU
	EndGlobalSection
	GlobalSection(SolutionProperties) = preSolution
		HideSolutionNode = FALSE
	EndGlobalSection
EndGlobal
